
Microsoft Visual Studio Solution File, Format Version 12.00
# Visual Studio 15
VisualStudioVersion = 15.0.26124.0
MinimumVisualStudioVersion = 15.0.26124.0
Project("{FAE04EC0-301F-11D3-BF4B-00C04F79EFBC}") = "PomBL", "PomBL\PomBL.csproj", "{0BA6104D-4C06-4C45-A33A-4DDD9B195F72}"
EndProject
Project("{FAE04EC0-301F-11D3-BF4B-00C04F79EFBC}") = "PomDL", "PomDL\PomDL.csproj", "{F4A80079-96CB-4598-9BC2-006A1A7EF218}"
EndProject
Project("{FAE04EC0-301F-11D3-BF4B-00C04F79EFBC}") = "PomModels", "PomModels\PomModels.csproj", "{39DB8C50-0F1D-4A6E-ABB9-68D8C513C92B}"
EndProject
Project("{FAE04EC0-301F-11D3-BF4B-00C04F79EFBC}") = "PomMvc", "PomMvc\PomMvc.csproj", "{EB2560AD-2381-4187-991F-F5A0818F2B54}"
EndProject
Global
	GlobalSection(SolutionConfigurationPlatforms) = preSolution
		Debug|Any CPU = Debug|Any CPU
		Debug|x64 = Debug|x64
		Debug|x86 = Debug|x86
		Release|Any CPU = Release|Any CPU
		Release|x64 = Release|x64
		Release|x86 = Release|x86
	EndGlobalSection
	GlobalSection(SolutionProperties) = preSolution
		HideSolutionNode = FALSE
	EndGlobalSection
	GlobalSection(ProjectConfigurationPlatforms) = postSolution
		{0BA6104D-4C06-4C45-A33A-4DDD9B195F72}.Debug|Any CPU.ActiveCfg = Debug|Any CPU
		{0BA6104D-4C06-4C45-A33A-4DDD9B195F72}.Debug|Any CPU.Build.0 = Debug|Any CPU
		{0BA6104D-4C06-4C45-A33A-4DDD9B195F72}.Debug|x64.ActiveCfg = Debug|Any CPU
		{0BA6104D-4C06-4C45-A33A-4DDD9B195F72}.Debug|x64.Build.0 = Debug|Any CPU
		{0BA6104D-4C06-4C45-A33A-4DDD9B195F72}.Debug|x86.ActiveCfg = Debug|Any CPU
		{0BA6104D-4C06-4C45-A33A-4DDD9B195F72}.Debug|x86.Build.0 = Debug|Any CPU
		{0BA6104D-4C06-4C45-A33A-4DDD9B195F72}.Release|Any CPU.ActiveCfg = Release|Any CPU
		{0BA6104D-4C06-4C45-A33A-4DDD9B195F72}.Release|Any CPU.Build.0 = Release|Any CPU
		{0BA6104D-4C06-4C45-A33A-4DDD9B195F72}.Release|x64.ActiveCfg = Release|Any CPU
		{0BA6104D-4C06-4C45-A33A-4DDD9B195F72}.Release|x64.Build.0 = Release|Any CPU
		{0BA6104D-4C06-4C45-A33A-4DDD9B195F72}.Release|x86.ActiveCfg = Release|Any CPU
		{0BA6104D-4C06-4C45-A33A-4DDD9B195F72}.Release|x86.Build.0 = Release|Any CPU
		{F4A80079-96CB-4598-9BC2-006A1A7EF218}.Debug|Any CPU.ActiveCfg = Debug|Any CPU
		{F4A80079-96CB-4598-9BC2-006A1A7EF218}.Debug|Any CPU.Build.0 = Debug|Any CPU
		{F4A80079-96CB-4598-9BC2-006A1A7EF218}.Debug|x64.ActiveCfg = Debug|Any CPU
		{F4A80079-96CB-4598-9BC2-006A1A7EF218}.Debug|x64.Build.0 = Debug|Any CPU
		{F4A80079-96CB-4598-9BC2-006A1A7EF218}.Debug|x86.ActiveCfg = Debug|Any CPU
		{F4A80079-96CB-4598-9BC2-006A1A7EF218}.Debug|x86.Build.0 = Debug|Any CPU
		{F4A80079-96CB-4598-9BC2-006A1A7EF218}.Release|Any CPU.ActiveCfg = Release|Any CPU
		{F4A80079-96CB-4598-9BC2-006A1A7EF218}.Release|Any CPU.Build.0 = Release|Any CPU
		{F4A80079-96CB-4598-9BC2-006A1A7EF218}.Release|x64.ActiveCfg = Release|Any CPU
		{F4A80079-96CB-4598-9BC2-006A1A7EF218}.Release|x64.Build.0 = Release|Any CPU
		{F4A80079-96CB-4598-9BC2-006A1A7EF218}.Release|x86.ActiveCfg = Release|Any CPU
		{F4A80079-96CB-4598-9BC2-006A1A7EF218}.Release|x86.Build.0 = Release|Any CPU
		{39DB8C50-0F1D-4A6E-ABB9-68D8C513C92B}.Debug|Any CPU.ActiveCfg = Debug|Any CPU
		{39DB8C50-0F1D-4A6E-ABB9-68D8C513C92B}.Debug|Any CPU.Build.0 = Debug|Any CPU
		{39DB8C50-0F1D-4A6E-ABB9-68D8C513C92B}.Debug|x64.ActiveCfg = Debug|Any CPU
		{39DB8C50-0F1D-4A6E-ABB9-68D8C513C92B}.Debug|x64.Build.0 = Debug|Any CPU
		{39DB8C50-0F1D-4A6E-ABB9-68D8C513C92B}.Debug|x86.ActiveCfg = Debug|Any CPU
		{39DB8C50-0F1D-4A6E-ABB9-68D8C513C92B}.Debug|x86.Build.0 = Debug|Any CPU
		{39DB8C50-0F1D-4A6E-ABB9-68D8C513C92B}.Release|Any CPU.ActiveCfg = Release|Any CPU
		{39DB8C50-0F1D-4A6E-ABB9-68D8C513C92B}.Release|Any CPU.Build.0 = Release|Any CPU
		{39DB8C50-0F1D-4A6E-ABB9-68D8C513C92B}.Release|x64.ActiveCfg = Release|Any CPU
		{39DB8C50-0F1D-4A6E-ABB9-68D8C513C92B}.Release|x64.Build.0 = Release|Any CPU
		{39DB8C50-0F1D-4A6E-ABB9-68D8C513C92B}.Release|x86.ActiveCfg = Release|Any CPU
		{39DB8C50-0F1D-4A6E-ABB9-68D8C513C92B}.Release|x86.Build.0 = Release|Any CPU
		{EB2560AD-2381-4187-991F-F5A0818F2B54}.Debug|Any CPU.ActiveCfg = Debug|Any CPU
		{EB2560AD-2381-4187-991F-F5A0818F2B54}.Debug|Any CPU.Build.0 = Debug|Any CPU
		{EB2560AD-2381-4187-991F-F5A0818F2B54}.Debug|x64.ActiveCfg = Debug|Any CPU
		{EB2560AD-2381-4187-991F-F5A0818F2B54}.Debug|x64.Build.0 = Debug|Any CPU
		{EB2560AD-2381-4187-991F-F5A0818F2B54}.Debug|x86.ActiveCfg = Debug|Any CPU
		{EB2560AD-2381-4187-991F-F5A0818F2B54}.Debug|x86.Build.0 = Debug|Any CPU
		{EB2560AD-2381-4187-991F-F5A0818F2B54}.Release|Any CPU.ActiveCfg = Release|Any CPU
		{EB2560AD-2381-4187-991F-F5A0818F2B54}.Release|Any CPU.Build.0 = Release|Any CPU
		{EB2560AD-2381-4187-991F-F5A0818F2B54}.Release|x64.ActiveCfg = Release|Any CPU
		{EB2560AD-2381-4187-991F-F5A0818F2B54}.Release|x64.Build.0 = Release|Any CPU
		{EB2560AD-2381-4187-991F-F5A0818F2B54}.Release|x86.ActiveCfg = Release|Any CPU
		{EB2560AD-2381-4187-991F-F5A0818F2B54}.Release|x86.Build.0 = Release|Any CPU
	EndGlobalSection
EndGlobal
